
Microsoft Visual Studio Solution File, Format Version 12.00
# Visual Studio 2012
Project("{FAE04EC0-301F-11D3-BF4B-00C04F79EFBC}") = "GlycoMap_Align", "GlycoMap_Align\GlycoMap_Align.csproj", "{9AA4851E-E22F-4443-BF43-B4AD288061BA}"
EndProject
Global
	GlobalSection(SolutionConfigurationPlatforms) = preSolution
		Debug|Any CPU = Debug|Any CPU
		Release|Any CPU = Release|Any CPU
	EndGlobalSection
	GlobalSection(ProjectConfigurationPlatforms) = postSolution
		{9AA4851E-E22F-4443-BF43-B4AD288061BA}.Debug|Any CPU.ActiveCfg = Debug|Any CPU
		{9AA4851E-E22F-4443-BF43-B4AD288061BA}.Debug|Any CPU.Build.0 = Debug|Any CPU
		{9AA4851E-E22F-4443-BF43-B4AD288061BA}.Release|Any CPU.ActiveCfg = Release|Any CPU
		{9AA4851E-E22F-4443-BF43-B4AD288061BA}.Release|Any CPU.Build.0 = Release|Any CPU
	EndGlobalSection
	GlobalSection(SolutionProperties) = preSolution
		HideSolutionNode = FALSE
	EndGlobalSection
	GlobalSection(Performance) = preSolution
		HasPerformanceSessions = true
	EndGlobalSection
EndGlobal
